<?xml version="1.0" encoding="utf-8"?>
<Project ToolsVersion="4.0" xmlns="http://schemas.microsoft.com/developer/msbuild/2003">
  <ItemGroup>
    <Filter Include="Source Files">
      <UniqueIdentifier>{4FC737F1-C7A5-4376-A066-2A32D752A2FF}</UniqueIdentifier>
      <Extensions>cpp;c;cc;cxx;def;odl;idl;hpj;bat;asm;asmx</Extensions>
    </Filter>
    <Filter Include="Header Files">
      <UniqueIdentifier>{93995380-89BD-4b04-88EB-625FBE52EBFB}</UniqueIdentifier>
      <Extensions>h;hh;hpp;hxx;hm;inl;inc;ipp;xsd</Extensions>
    </Filter>
    <Filter Include="Resource Files">
      <UniqueIdentifier>{67DA6AB6-F800-4c08-8B7A-83BB121AAD01}</UniqueIdentifier>
      <Extensions>rc;ico;cur;bmp;dlg;rc2;rct;bin;rgs;gif;jpg;jpeg;jpe;resx;tiff;tif;png;wav;mfcribbon-ms</Extensions>
    </Filter>
    <Filter Include="Source Files\CommandPattern">
      <UniqueIdentifier>{c2b49d59-4c7d-4e84-922a-0ec406064363}</UniqueIdentifier>
    </Filter>
    <Filter Include="Header Files\CommandPattern">
      <UniqueIdentifier>{e8afaba2-a66a-449e-8bba-f16dc9258bd1}</UniqueIdentifier>
    </Filter>
    <Filter Include="Header Files\ECS">
      <UniqueIdentifier>{06d03961-a7b7-44ac-a096-2710c5115490}</UniqueIdentifier>
    </Filter>
    <Filter Include="Source Files\ECS">
      <UniqueIdentifier>{48dc6fc1-17b9-4755-b854-dfa78b1b479d}</UniqueIdentifier>
    </Filter>
    <Filter Include="Source Files\ECS\Systems">
      <UniqueIdentifier>{af2a9f94-7fb1-45e2-bf41-387f4387bff8}</UniqueIdentifier>
    </Filter>
    <Filter Include="Source Files\ECS\Components">
      <UniqueIdentifier>{9b647a62-c855-496c-94d7-4e8c5724025f}</UniqueIdentifier>
    </Filter>
    <Filter Include="Header Files\ECS\Systems">
      <UniqueIdentifier>{e625491d-8ef3-4941-9cef-a8a0ce2daa5d}</UniqueIdentifier>
    </Filter>
    <Filter Include="Header Files\ECS\Components">
      <UniqueIdentifier>{8fa30014-0d7e-41a1-af7a-41e18bc57176}</UniqueIdentifier>
    </Filter>
    <Filter Include="Header Files\AnimationFSM">
      <UniqueIdentifier>{66fe804f-c2a2-4fc8-ba0a-cb14157c9fe4}</UniqueIdentifier>
    </Filter>
    <Filter Include="Source Files\AnimationFSM">
      <UniqueIdentifier>{81ba1f45-edc4-4a14-b28a-b2f41b937a20}</UniqueIdentifier>
    </Filter>
    <Filter Include="Header Files\ResourceManagement">
      <UniqueIdentifier>{75cdffdd-e633-4bd5-b1c6-adf8ed25b50d}</UniqueIdentifier>
    </Filter>
    <Filter Include="Source Files\ResourceManagement">
      <UniqueIdentifier>{c1434c21-e7b5-4bc5-b998-45ce59e0d8ae}</UniqueIdentifier>
    </Filter>
    <Filter Include="Header Files\Controller">
      <UniqueIdentifier>{42578eb5-ea3f-4bed-9542-879ad1c6e93b}</UniqueIdentifier>
    </Filter>
    <Filter Include="Source Files\Controller">
      <UniqueIdentifier>{c78ef028-1411-4d55-8ab1-b58235a84496}</UniqueIdentifier>
    </Filter>
    <Filter Include="Source Files\EventMessaging">
      <UniqueIdentifier>{792bb31c-6556-49d1-8690-f7753968a054}</UniqueIdentifier>
    </Filter>
    <Filter Include="Header Files\EventMessaging">
      <UniqueIdentifier>{e81561f9-bc32-4ada-a2e4-ff7ccd1068fa}</UniqueIdentifier>
    </Filter>
    <Filter Include="Header Files\FactoryPattern">
      <UniqueIdentifier>{ad1f1ff9-64cf-4020-af75-59d28d9a8667}</UniqueIdentifier>
    </Filter>
    <Filter Include="Source Files\FactoryPattern">
      <UniqueIdentifier>{b4ddc9ef-aa88-4533-be8c-175535ee5ea7}</UniqueIdentifier>
	</Filter>
    <Filter Include="Header Files\Screens">
      <UniqueIdentifier>{a5967def-3509-45b4-ad15-d2bf382694f0}</UniqueIdentifier>
    </Filter>
    <Filter Include="Source Files\Screens">
      <UniqueIdentifier>{22848e9b-c91c-4358-b939-d20dc97e0b0c}</UniqueIdentifier>
    </Filter>
    <Filter Include="Header Files\CommandPattern\Commands">
      <UniqueIdentifier>{9f61d44a-1658-48ad-b156-f2efbd0cf1c8}</UniqueIdentifier>
    </Filter>
    <Filter Include="Source Files\CommandPattern\Commands">
      <UniqueIdentifier>{1e3fa8d9-2d43-4c9d-8cb3-cb80f15e3ee8}</UniqueIdentifier>
    </Filter>
  </ItemGroup>
  <ItemGroup>
    <ClCompile Include="src\Main.cpp">
      <Filter>Source Files</Filter>
    </ClCompile>
    <ClCompile Include="src\Game.cpp">
      <Filter>Source Files</Filter>
    </ClCompile>
    <ClCompile Include="src\stdafx.cpp">
      <Filter>Source Files</Filter>
    </ClCompile>
    <ClCompile Include="src\MacroCommand.cpp">
      <Filter>Source Files\CommandPattern</Filter>
    </ClCompile>
    <ClCompile Include="src\Entity.cpp">
      <Filter>Source Files\ECS</Filter>
    </ClCompile>
    <ClCompile Include="src\AiSystem.cpp">
      <Filter>Source Files\ECS\Systems</Filter>
    </ClCompile>
    <ClCompile Include="src\HealthSystem.cpp">
      <Filter>Source Files\ECS\Systems</Filter>
    </ClCompile>
    <ClCompile Include="src\InputSystem.cpp">
      <Filter>Source Files\ECS\Systems</Filter>
    </ClCompile>
    <ClCompile Include="src\HealthComponent.cpp">
      <Filter>Source Files\ECS\Components</Filter>
    </ClCompile>
    <ClCompile Include="src\InputComponent.cpp">
      <Filter>Source Files\ECS\Components</Filter>
    </ClCompile>
    <ClCompile Include="src\Component.cpp">
      <Filter>Source Files\ECS\Components</Filter>
    </ClCompile>
    <ClCompile Include="src\BaseSystem.cpp">
      <Filter>Source Files\ECS</Filter>
    </ClCompile>
    <ClCompile Include="src\TransformComponent.cpp">
      <Filter>Source Files\ECS\Components</Filter>
    </ClCompile>
    <ClCompile Include="src\VisualComponent.cpp">
      <Filter>Source Files\ECS\Components</Filter>
    </ClCompile>
    <ClCompile Include="src\AiComponent.cpp">
      <Filter>Source Files\ECS\Components</Filter>
    </ClCompile>
    <ClCompile Include="src\ColourComponent.cpp">
      <Filter>Source Files\ECS\Components</Filter>
    </ClCompile>
    <ClCompile Include="src\FiniteStateMachine.cpp">
      <Filter>Source Files\AnimationFSM</Filter>
    </ClCompile>
    <ClCompile Include="src\Attacking.cpp">
      <Filter>Source Files\AnimationFSM</Filter>
    </ClCompile>
    <ClCompile Include="src\Idle.cpp">
      <Filter>Source Files\AnimationFSM</Filter>
    </ClCompile>
    <ClCompile Include="src\Moving.cpp">
      <Filter>Source Files\AnimationFSM</Filter>
    </ClCompile>
    <ClCompile Include="src\PhysicsSystem.cpp">
      <Filter>Source Files\ECS\Systems</Filter>
    </ClCompile>
    <ClCompile Include="src\ForceComponent.cpp">
      <Filter>Source Files\ECS\Components</Filter>
    </ClCompile>
    <ClCompile Include="src\Particle.cpp">
      <Filter>Source Files\ECS\Components</Filter>
    </ClCompile>
    <ClCompile Include="src\ParticleEmitterComponent.cpp">
      <Filter>Source Files\ECS\Components</Filter>
    </ClCompile>
    <ClCompile Include="src\ParticleSystem.cpp">
      <Filter>Source Files\ECS\Systems</Filter>
    </ClCompile>
    <ClCompile Include="src\PrimitiveComponent.cpp">
      <Filter>Source Files\ECS\Components</Filter>
    </ClCompile>
    <ClCompile Include="src\TextComponent.cpp">
      <Filter>Source Files\ECS\Components</Filter>
    </ClCompile>
    <ClCompile Include="src\AssetManager.cpp">
      <Filter>Source Files\ResourceManagement</Filter>
    </ClCompile>
    <ClCompile Include="src\ColliderAABB.cpp">
      <Filter>Source Files\ECS\Components</Filter>
    </ClCompile>
    <ClCompile Include="src\ColliderCircle.cpp">
      <Filter>Source Files\ECS\Components</Filter>
    </ClCompile>
    <ClCompile Include="src\CollisionSystem.cpp">
      <Filter>Source Files\ECS\Systems</Filter>
    </ClCompile>
    <ClCompile Include="src\QuadTree.cpp">
      <Filter>Source Files</Filter>
    </ClCompile>
    <ClCompile Include="src\RenderSystem.cpp">
      <Filter>Source Files\ECS\Systems</Filter>
    </ClCompile>
    <ClCompile Include="src\ProjectileManager.cpp">
      <Filter>Source Files</Filter>
    </ClCompile>
    <ClCompile Include="src\Command.cpp">
      <Filter>Source Files\CommandPattern</Filter>
    </ClCompile>
    <ClCompile Include="src\Controller.cpp">
      <Filter>Source Files\Controller</Filter>
    </ClCompile>
    <ClCompile Include="src\Rumble.cpp">
      <Filter>Source Files\Controller</Filter>
    </ClCompile>
    <ClCompile Include="src\Event.cpp">
      <Filter>Source Files\EventMessaging</Filter>
    </ClCompile>
    <ClCompile Include="src\TimerComponent.cpp">
      <Filter>Source Files\ECS\Components</Filter>
    </ClCompile>
    <ClCompile Include="src\AudioManager.cpp">
      <Filter>Source Files\ResourceManagement</Filter>
    </ClCompile>
    <ClCompile Include="src\CommandSystem.cpp">
      <Filter>Source Files\ECS\Systems</Filter>
    </ClCompile>
    <ClCompile Include="src\CommandComponent.cpp">
      <Filter>Source Files\ECS\Components</Filter>
    </ClCompile>
    <ClCompile Include="src\Command.cpp">
      <Filter>Source Files</Filter>
    </ClCompile>
    <ClCompile Include="src\TagComponent.cpp">
      <Filter>Source Files\ECS\Components</Filter>
    </ClCompile>
    <ClCompile Include="src\SplashScreen.cpp">
      <Filter>Source Files\Screens</Filter>
    </ClCompile>
    <ClCompile Include="src\OptionsScreen.cpp">
      <Filter>Source Files\Screens</Filter>
    </ClCompile>
    <ClCompile Include="src\MenuScreen.cpp">
      <Filter>Source Files\Screens</Filter>
    </ClCompile>
    <ClCompile Include="src\LicenseScreen.cpp">
      <Filter>Source Files\Screens</Filter>
    </ClCompile>
    <ClCompile Include="src\GameScreen.cpp">
      <Filter>Source Files\Screens</Filter>
    </ClCompile>
    <ClCompile Include="src\CreditsScreen.cpp">
      <Filter>Source Files\Screens</Filter>
    </ClCompile>
    <ClCompile Include="src\LevelManager.cpp">
      <Filter>Source Files</Filter>
    </ClCompile>
    <ClCompile Include="src\TileComponent.cpp">
      <Filter>Source Files\ECS\Components</Filter>
    </ClCompile>
    <ClCompile Include="src\FireRateComponent.cpp">
      <Filter>Source Files</Filter>
    </ClCompile>
    <ClCompile Include="src\PlayerFactory.cpp">
      <Filter>Source Files\FactoryPattern</Filter>
    </ClCompile>
    <ClCompile Include="src\EnemyFactory.cpp">
      <Filter>Source Files\FactoryPattern</Filter>
    </ClCompile>
    <ClCompile Include="src\PickUpFactory.cpp">
      <Filter>Source Files\FactoryPattern</Filter>
    </ClCompile>
    <ClCompile Include="src\PickUpManager.cpp">
      <Filter>Source Files</Filter>
    </ClCompile>
    <ClCompile Include="src\PickUpComponent.cpp">
      <Filter>Source Files\ECS\Components</Filter>
	 </ClCompile>
    <ClCompile Include="src\AchievementScreen.cpp">
      <Filter>Source Files\Screens</Filter>
    </ClCompile>
    <ClCompile Include="src\MoveUpCommand.cpp">
      <Filter>Source Files\CommandPattern\Commands</Filter>
    </ClCompile>
    <ClCompile Include="src\MenuMoveDownCommand.cpp">
      <Filter>Source Files\CommandPattern\Commands</Filter>
    </ClCompile>
    <ClCompile Include="src\MenuMoveUpCommand.cpp">
      <Filter>Source Files\CommandPattern\Commands</Filter>
    </ClCompile>
    <ClCompile Include="src\MenuSelectButtonCommand.cpp">
      <Filter>Source Files\CommandPattern\Commands</Filter>
    </ClCompile>
    <ClCompile Include="src\MoveDownCommand.cpp">
      <Filter>Source Files\CommandPattern\Commands</Filter>
    </ClCompile>
    <ClCompile Include="src\MoveLeftCommand.cpp">
      <Filter>Source Files\CommandPattern\Commands</Filter>
    </ClCompile>
    <ClCompile Include="src\MoveRightCommand.cpp">
      <Filter>Source Files\CommandPattern\Commands</Filter>
    </ClCompile>
    <ClCompile Include="src\GoToMainMenuCommand.cpp">
      <Filter>Source Files\CommandPattern\Commands</Filter>
    </ClCompile>
    <ClCompile Include="src\GoToLicenseScreenCommand.cpp">
      <Filter>Source Files\CommandPattern\Commands</Filter>
    </ClCompile>
    <ClCompile Include="src\FireBulletCommand.cpp">
      <Filter>Source Files\CommandPattern\Commands</Filter>
    </ClCompile>
    <ClCompile Include="src\AnalogMoveCommand.cpp">
      <Filter>Source Files\CommandPattern\Commands</Filter>
    </ClCompile>
    <ClCompile Include="src\CloseWindowCommand.cpp">
      <Filter>Source Files\CommandPattern\Commands</Filter>
    </ClCompile>
    <ClCompile Include="src\AnalogRotateCommand.cpp">
      <Filter>Source Files\CommandPattern\Commands</Filter>
    </ClCompile>
    <ClCompile Include="src\FireRateComponent.cpp">
      <Filter>Source Files\ECS\Components</Filter>
    </ClCompile>
    <ClCompile Include="src\EnemyManager.cpp">
      <Filter>Source Files</Filter>
    </ClCompile>
  </ItemGroup>
  <ItemGroup>
    <ClInclude Include="include\Game.h">
      <Filter>Header Files</Filter>
    </ClInclude>
    <ClInclude Include="include\stdafx.h">
      <Filter>Header Files</Filter>
    </ClInclude>
    <ClInclude Include="include\MacroCommand.h">
      <Filter>Header Files\CommandPattern</Filter>
    </ClInclude>
    <ClInclude Include="include\Entity.h">
      <Filter>Header Files\ECS</Filter>
    </ClInclude>
    <ClInclude Include="include\Debug.h">
      <Filter>Header Files</Filter>
    </ClInclude>
    <ClInclude Include="include\AiSystem.h">
      <Filter>Header Files\ECS\Systems</Filter>
    </ClInclude>
    <ClInclude Include="include\HealthSystem.h">
      <Filter>Header Files\ECS\Systems</Filter>
    </ClInclude>
    <ClInclude Include="include\InputSystem.h">
      <Filter>Header Files\ECS\Systems</Filter>
    </ClInclude>
    <ClInclude Include="include\RenderSystem.h">
      <Filter>Header Files\ECS\Systems</Filter>
    </ClInclude>
    <ClInclude Include="include\HealthComponent.h">
      <Filter>Header Files\ECS\Components</Filter>
    </ClInclude>
    <ClInclude Include="include\InputComponent.h">
      <Filter>Header Files\ECS\Components</Filter>
    </ClInclude>
    <ClInclude Include="include\Component.h">
      <Filter>Header Files\ECS\Components</Filter>
    </ClInclude>
    <ClInclude Include="include\BaseSystem.h">
      <Filter>Header Files\ECS</Filter>
    </ClInclude>
    <ClInclude Include="include\TransformComponent.h">
      <Filter>Header Files\ECS\Components</Filter>
    </ClInclude>
    <ClInclude Include="include\CompEnums.h">
      <Filter>Header Files\ECS</Filter>
    </ClInclude>
    <ClInclude Include="include\VisualComponent.h">
      <Filter>Header Files\ECS\Components</Filter>
    </ClInclude>
    <ClInclude Include="include\AiComponent.h">
      <Filter>Header Files\ECS\Components</Filter>
    </ClInclude>
    <ClInclude Include="include\ColourComponent.h">
      <Filter>Header Files\ECS\Components</Filter>
    </ClInclude>
    <ClInclude Include="include\FiniteStateMachine.h">
      <Filter>Header Files\AnimationFSM</Filter>
    </ClInclude>
    <ClInclude Include="include\State.h">
      <Filter>Header Files\AnimationFSM</Filter>
    </ClInclude>
    <ClInclude Include="include\Idle.h">
      <Filter>Header Files\AnimationFSM</Filter>
    </ClInclude>
    <ClInclude Include="include\Moving.h">
      <Filter>Header Files\AnimationFSM</Filter>
    </ClInclude>
    <ClInclude Include="include\Attacking.h">
      <Filter>Header Files\AnimationFSM</Filter>
    </ClInclude>
    <ClInclude Include="include\PhysicsSystem.h">
      <Filter>Header Files\ECS\Systems</Filter>
    </ClInclude>
    <ClInclude Include="include\Utilities.h">
      <Filter>Header Files</Filter>
    </ClInclude>
    <ClInclude Include="include\ForceComponent.h">
      <Filter>Header Files\ECS\Components</Filter>
    </ClInclude>
    <ClInclude Include="include\AiStates.h">
      <Filter>Header Files\ECS\Components</Filter>
    </ClInclude>
    <ClInclude Include="include\PrimitiveComponent.h">
      <Filter>Header Files\ECS\Components</Filter>
    </ClInclude>
    <ClInclude Include="include\ParticleSystem.h">
      <Filter>Header Files\ECS\Systems</Filter>
    </ClInclude>
    <ClInclude Include="include\ParticleEmitterComponent.h">
      <Filter>Header Files\ECS\Components</Filter>
    </ClInclude>
    <ClInclude Include="include\Particle.h">
      <Filter>Header Files\ECS\Components</Filter>
    </ClInclude>
    <ClInclude Include="include\TextComponent.h">
      <Filter>Header Files\ECS\Components</Filter>
    </ClInclude>
    <ClInclude Include="include\AssetManager.h">
      <Filter>Header Files\ResourceManagement</Filter>
    </ClInclude>
    <ClInclude Include="include\CollisionSystem.h">
      <Filter>Header Files\ECS\Systems</Filter>
    </ClInclude>
    <ClInclude Include="include\QuadTree.h">
      <Filter>Header Files</Filter>
    </ClInclude>
    <ClInclude Include="include\ColliderAABBComponent.h">
      <Filter>Header Files\ECS\Components</Filter>
    </ClInclude>
    <ClInclude Include="include\ColliderCircleComponent.h">
      <Filter>Header Files\ECS\Components</Filter>
    </ClInclude>
    <ClInclude Include="include\ProjectileManager.h">
      <Filter>Header Files</Filter>
    </ClInclude>
    <ClInclude Include="include\Command.h">
      <Filter>Header Files\CommandPattern</Filter>
    </ClInclude>
    <ClInclude Include="include\Controller.h">
      <Filter>Header Files\Controller</Filter>
    </ClInclude>
    <ClInclude Include="include\Rumble.h">
      <Filter>Header Files\Controller</Filter>
    </ClInclude>
    <ClInclude Include="include\EventManager.h">
      <Filter>Header Files\EventMessaging</Filter>
    </ClInclude>
    <ClInclude Include="include\Event.h">
      <Filter>Header Files\EventMessaging</Filter>
    </ClInclude>
    <ClInclude Include="include\TimerComponent.h">
      <Filter>Header Files\ECS\Components</Filter>
    </ClInclude>
    <ClInclude Include="include\AudioManager.h">
      <Filter>Header Files\ResourceManagement</Filter>
    </ClInclude>
    <ClInclude Include="include\CommandComponent.h">
      <Filter>Header Files\ECS\Components</Filter>
    </ClInclude>
    <ClInclude Include="include\CommandSystem.h">
      <Filter>Header Files\ECS\Systems</Filter>
    </ClInclude>
    <ClInclude Include="include\Command.h">
      <Filter>Header Files</Filter>
    </ClInclude>
    <ClInclude Include="include\TagComponent.h">
      <Filter>Header Files\ECS\Components</Filter>
    </ClInclude>
    <ClInclude Include="include\SplashScreen.h">
      <Filter>Header Files\Screens</Filter>
    </ClInclude>
    <ClInclude Include="include\OptionsScreen.h">
      <Filter>Header Files\Screens</Filter>
    </ClInclude>
    <ClInclude Include="include\MenuScreen.h">
      <Filter>Header Files\Screens</Filter>
    </ClInclude>
    <ClInclude Include="include\LicenseScreen.h">
      <Filter>Header Files\Screens</Filter>
    </ClInclude>
    <ClInclude Include="include\GameScreen.h">
      <Filter>Header Files\Screens</Filter>
    </ClInclude>
    <ClInclude Include="include\CreditsScreen.h">
      <Filter>Header Files\Screens</Filter>
    </ClInclude>
    <ClInclude Include="include\LevelManager.h">
      <Filter>Header Files</Filter>
    </ClInclude>
    <ClInclude Include="include\TileComponent.h">
      <Filter>Header Files\ECS\Components</Filter>
    </ClInclude>
    <ClInclude Include="include\FireRateComponent.h">
      <Filter>Header Files</Filter>
    </ClInclude>
    <ClInclude Include="include\PlayerFactory.h">
      <Filter>Header Files\FactoryPattern</Filter>
    </ClInclude>
    <ClInclude Include="include\EntityFactory.h">
      <Filter>Header Files\FactoryPattern</Filter>
    </ClInclude>
    <ClInclude Include="include\FactoryStatSheet.h">
      <Filter>Header Files\FactoryPattern</Filter>
    </ClInclude>
    <ClInclude Include="include\EnemyFactory.h">
      <Filter>Header Files\FactoryPattern</Filter>
    </ClInclude>
    <ClInclude Include="include\PickUpFactory.h">
      <Filter>Header Files\FactoryPattern</Filter>
    </ClInclude>
    <ClInclude Include="include\PickUpManager.h">
      <Filter>Header Files</Filter>
    </ClInclude>
    <ClInclude Include="include\PickUpComponent.h">
      <Filter>Header Files\ECS\Components</Filter>
	</ClInclude>
    <ClInclude Include="include\BehaviourTree.h">
      <Filter>Header Files</Filter>
    </ClInclude>
    <ClInclude Include="include\AchievementScreen.h">
      <Filter>Header Files\Screens</Filter>
    </ClInclude>
    <ClInclude Include="include\MoveRightCommand.h">
      <Filter>Header Files\CommandPattern\Commands</Filter>
    </ClInclude>
    <ClInclude Include="include\MenuMoveDownCommand.h">
      <Filter>Header Files\CommandPattern\Commands</Filter>
    </ClInclude>
    <ClInclude Include="include\MenuMoveUpCommand.h">
      <Filter>Header Files\CommandPattern\Commands</Filter>
    </ClInclude>
    <ClInclude Include="include\MenuSelectButtonCommand.h">
      <Filter>Header Files\CommandPattern\Commands</Filter>
    </ClInclude>
    <ClInclude Include="include\MoveDownCommand.h">
      <Filter>Header Files\CommandPattern\Commands</Filter>
    </ClInclude>
    <ClInclude Include="include\MoveLeftCommand.h">
      <Filter>Header Files\CommandPattern\Commands</Filter>
    </ClInclude>
    <ClInclude Include="include\GoToMainMenuCommand.h">
      <Filter>Header Files\CommandPattern\Commands</Filter>
    </ClInclude>
    <ClInclude Include="include\GoToLicenseScreenCommand.h">
      <Filter>Header Files\CommandPattern\Commands</Filter>
    </ClInclude>
    <ClInclude Include="include\FireBulletCommand.h">
      <Filter>Header Files\CommandPattern\Commands</Filter>
    </ClInclude>
    <ClInclude Include="include\CloseWindowCommand.h">
      <Filter>Header Files\CommandPattern\Commands</Filter>
    </ClInclude>
    <ClInclude Include="include\AnalogMoveCommand.h">
      <Filter>Header Files\CommandPattern\Commands</Filter>
    </ClInclude>
    <ClInclude Include="include\MoveUpCommand.h">
      <Filter>Header Files\CommandPattern\Commands</Filter>
    </ClInclude>
    <ClInclude Include="include\AnalogRotateCommand.h">
      <Filter>Header Files\CommandPattern\Commands</Filter>
    </ClInclude>
    <ClInclude Include="include\FireRateComponent.h">
      <Filter>Header Files\ECS\Components</Filter>
    </ClInclude>
    <ClInclude Include="include\EnemyManager.h">
      <Filter>Header Files</Filter>
    </ClInclude>
  </ItemGroup>
</Project>