<?xml version="1.0" encoding="utf-8"?>
<Project ToolsVersion="4.0" xmlns="http://schemas.microsoft.com/developer/msbuild/2003">
  <ItemGroup>
    <Filter Include="Source Files">
      <UniqueIdentifier>{4FC737F1-C7A5-4376-A066-2A32D752A2FF}</UniqueIdentifier>
      <Extensions>cpp;c;cc;cxx;def;odl;idl;hpj;bat;asm;asmx</Extensions>
    </Filter>
    <Filter Include="Header Files">
      <UniqueIdentifier>{93995380-89BD-4b04-88EB-625FBE52EBFB}</UniqueIdentifier>
      <Extensions>h;hh;hpp;hxx;hm;inl;inc;ipp;xsd</Extensions>
    </Filter>
    <Filter Include="Resource Files">
      <UniqueIdentifier>{67DA6AB6-F800-4c08-8B7A-83BB121AAD01}</UniqueIdentifier>
      <Extensions>rc;ico;cur;bmp;dlg;rc2;rct;bin;rgs;gif;jpg;jpeg;jpe;resx;tiff;tif;png;wav;mfcribbon-ms</Extensions>
    </Filter>
    <Filter Include="Header Files\AnimationFSM">
      <UniqueIdentifier>{66fe804f-c2a2-4fc8-ba0a-cb14157c9fe4}</UniqueIdentifier>
    </Filter>
    <Filter Include="Source Files\AnimationFSM">
      <UniqueIdentifier>{81ba1f45-edc4-4a14-b28a-b2f41b937a20}</UniqueIdentifier>
    </Filter>
  </ItemGroup>
  <ItemGroup>
    <ClCompile Include="src\Main.cpp">
      <Filter>Source Files</Filter>
    </ClCompile>
    <ClCompile Include="src\Game.cpp">
      <Filter>Source Files</Filter>
    </ClCompile>
    <ClCompile Include="src\stdafx.cpp">
      <Filter>Source Files</Filter>
    </ClCompile>
    <ClCompile Include="Xbox360Controller.cpp">
      <Filter>Source Files</Filter>
    </ClCompile>
    <ClCompile Include="src\Tile.cpp">
      <Filter>Source Files</Filter>
    </ClCompile>
    <ClCompile Include="src\FiniteStateMachine.cpp">
      <Filter>Source Files\AnimationFSM</Filter>
    </ClCompile>
    <ClCompile Include="src\Attacking.cpp">
      <Filter>Source Files\AnimationFSM</Filter>
    </ClCompile>
    <ClCompile Include="src\Idle.cpp">
      <Filter>Source Files\AnimationFSM</Filter>
    </ClCompile>
    <ClCompile Include="src\Moving.cpp">
      <Filter>Source Files\AnimationFSM</Filter>
    </ClCompile>
  </ItemGroup>
  <ItemGroup>
    <ClInclude Include="include\Game.h">
      <Filter>Header Files</Filter>
    </ClInclude>
    <ClInclude Include="include\stdafx.h">
      <Filter>Header Files</Filter>
    </ClInclude>
    <ClInclude Include="Xbox360Controller.h">
      <Filter>Header Files</Filter>
    </ClInclude>
    <ClInclude Include="include\Tile.h">
      <Filter>Header Files</Filter>
    </ClInclude>
    <ClInclude Include="include\FiniteStateMachine.h">
      <Filter>Header Files\AnimationFSM</Filter>
    </ClInclude>
    <ClInclude Include="include\State.h">
      <Filter>Header Files\AnimationFSM</Filter>
    </ClInclude>
    <ClInclude Include="include\Idle.h">
      <Filter>Header Files\AnimationFSM</Filter>
    </ClInclude>
    <ClInclude Include="include\Moving.h">
      <Filter>Header Files\AnimationFSM</Filter>
    </ClInclude>
    <ClInclude Include="include\Attacking.h">
      <Filter>Header Files\AnimationFSM</Filter>
    </ClInclude>
  </ItemGroup>
</Project>